
Microsoft Visual Studio Solution File, Format Version 12.00
# Visual Studio Version 16
VisualStudioVersion = 16.0.31729.503
MinimumVisualStudioVersion = 10.0.40219.1
Project("{FAE04EC0-301F-11D3-BF4B-00C04F79EFBC}") = "P1_4_1204045", "P1_4_1204045\P1_4_1204045.csproj", "{61DEC4E3-A8D1-4EBE-9DE3-AB6EFE189363}"
EndProject
Global
	GlobalSection(SolutionConfigurationPlatforms) = preSolution
		Debug|Any CPU = Debug|Any CPU
		Release|Any CPU = Release|Any CPU
	EndGlobalSection
	GlobalSection(ProjectConfigurationPlatforms) = postSolution
		{61DEC4E3-A8D1-4EBE-9DE3-AB6EFE189363}.Debug|Any CPU.ActiveCfg = Debug|Any CPU
		{61DEC4E3-A8D1-4EBE-9DE3-AB6EFE189363}.Debug|Any CPU.Build.0 = Debug|Any CPU
		{61DEC4E3-A8D1-4EBE-9DE3-AB6EFE189363}.Release|Any CPU.ActiveCfg = Release|Any CPU
		{61DEC4E3-A8D1-4EBE-9DE3-AB6EFE189363}.Release|Any CPU.Build.0 = Release|Any CPU
	EndGlobalSection
	GlobalSection(SolutionProperties) = preSolution
		HideSolutionNode = FALSE
	EndGlobalSection
	GlobalSection(ExtensibilityGlobals) = postSolution
		SolutionGuid = {7F3F04A5-FADC-4A61-B058-E59A94A06DA2}
	EndGlobalSection
EndGlobal
